
Microsoft Visual Studio Solution File, Format Version 12.00
# Visual Studio Version 17
VisualStudioVersion = 17.7.34024.191
MinimumVisualStudioVersion = 10.0.40219.1
Project("{FAE04EC0-301F-11D3-BF4B-00C04F79EFBC}") = "Nullable", "Nullable\Nullable.csproj", "{895BD0F4-614C-4AC6-B617-98CB4995A163}"
EndProject
Global
	GlobalSection(SolutionConfigurationPlatforms) = preSolution
		Debug|Any CPU = Debug|Any CPU
		Release|Any CPU = Release|Any CPU
	EndGlobalSection
	GlobalSection(ProjectConfigurationPlatforms) = postSolution
		{895BD0F4-614C-4AC6-B617-98CB4995A163}.Debug|Any CPU.ActiveCfg = Debug|Any CPU
		{895BD0F4-614C-4AC6-B617-98CB4995A163}.Debug|Any CPU.Build.0 = Debug|Any CPU
		{895BD0F4-614C-4AC6-B617-98CB4995A163}.Release|Any CPU.ActiveCfg = Release|Any CPU
		{895BD0F4-614C-4AC6-B617-98CB4995A163}.Release|Any CPU.Build.0 = Release|Any CPU
	EndGlobalSection
	GlobalSection(SolutionProperties) = preSolution
		HideSolutionNode = FALSE
	EndGlobalSection
	GlobalSection(ExtensibilityGlobals) = postSolution
		SolutionGuid = {749F99DD-023D-4AF4-A9F8-378EE45499BF}
	EndGlobalSection
EndGlobal
